
Microsoft Visual Studio Solution File, Format Version 12.00
# Visual Studio Version 17
VisualStudioVersion = 17.6.33723.286
MinimumVisualStudioVersion = 10.0.40219.1
Project("{FAE04EC0-301F-11D3-BF4B-00C04F79EFBC}") = "StellarModdingAPI", "StellarModdingAPI.csproj", "{12C98EB4-C22D-4AF5-AEB4-3324FD017018}"
EndProject
Global
	GlobalSection(SolutionConfigurationPlatforms) = preSolution
		Debug|Any CPU = Debug|Any CPU
		Release|Any CPU = Release|Any CPU
	EndGlobalSection
	GlobalSection(ProjectConfigurationPlatforms) = postSolution
		{12C98EB4-C22D-4AF5-AEB4-3324FD017018}.Debug|Any CPU.ActiveCfg = Debug|Any CPU
		{12C98EB4-C22D-4AF5-AEB4-3324FD017018}.Debug|Any CPU.Build.0 = Debug|Any CPU
		{12C98EB4-C22D-4AF5-AEB4-3324FD017018}.Release|Any CPU.ActiveCfg = Release|Any CPU
		{12C98EB4-C22D-4AF5-AEB4-3324FD017018}.Release|Any CPU.Build.0 = Release|Any CPU
	EndGlobalSection
	GlobalSection(SolutionProperties) = preSolution
		HideSolutionNode = FALSE
	EndGlobalSection
	GlobalSection(ExtensibilityGlobals) = postSolution
		SolutionGuid = {C35D5BC5-51C5-48A9-8381-963E2F7EB0CE}
	EndGlobalSection
EndGlobal
